
Microsoft Visual Studio Solution File, Format Version 12.00
# Visual Studio Version 16
VisualStudioVersion = 16.0.29613.14
MinimumVisualStudioVersion = 10.0.40219.1
Project("{888888A0-9F3D-457C-B088-3A5042F75D52}") = "GUI", "GUI\GUI.pyproj", "{F9DCCA4A-FF1C-4B18-9EB7-B03BF35F3777}"
EndProject
Global
	GlobalSection(SolutionConfigurationPlatforms) = preSolution
		Debug|Any CPU = Debug|Any CPU
		Release|Any CPU = Release|Any CPU
	EndGlobalSection
	GlobalSection(ProjectConfigurationPlatforms) = postSolution
		{F9DCCA4A-FF1C-4B18-9EB7-B03BF35F3777}.Debug|Any CPU.ActiveCfg = Debug|Any CPU
		{F9DCCA4A-FF1C-4B18-9EB7-B03BF35F3777}.Release|Any CPU.ActiveCfg = Release|Any CPU
	EndGlobalSection
	GlobalSection(SolutionProperties) = preSolution
		HideSolutionNode = FALSE
	EndGlobalSection
	GlobalSection(ExtensibilityGlobals) = postSolution
		SolutionGuid = {49E5A65A-F2C3-46F4-879A-79F509D6BB98}
	EndGlobalSection
EndGlobal
